
Microsoft Visual Studio Solution File, Format Version 12.00
# Visual Studio 15
VisualStudioVersion = 15.0.28307.1231
MinimumVisualStudioVersion = 10.0.40219.1
Project("{FAE04EC0-301F-11D3-BF4B-00C04F79EFBC}") = "LibraryManagementSystem", "LibraryManagementSystem\LibraryManagementSystem.csproj", "{EEB8953E-0B40-40E5-B445-56D38DCF8B6F}"
EndProject
Project("{FAE04EC0-301F-11D3-BF4B-00C04F79EFBC}") = "LibraryManagementSystem.Tests", "LibraryManagementSystem.Tests\LibraryManagementSystem.Tests.csproj", "{25556D54-58C8-4FCB-A12C-D142F6617906}"
EndProject
Global
	GlobalSection(SolutionConfigurationPlatforms) = preSolution
		Debug|Any CPU = Debug|Any CPU
		Release|Any CPU = Release|Any CPU
	EndGlobalSection
	GlobalSection(ProjectConfigurationPlatforms) = postSolution
		{EEB8953E-0B40-40E5-B445-56D38DCF8B6F}.Debug|Any CPU.ActiveCfg = Debug|Any CPU
		{EEB8953E-0B40-40E5-B445-56D38DCF8B6F}.Debug|Any CPU.Build.0 = Debug|Any CPU
		{EEB8953E-0B40-40E5-B445-56D38DCF8B6F}.Release|Any CPU.ActiveCfg = Release|Any CPU
		{EEB8953E-0B40-40E5-B445-56D38DCF8B6F}.Release|Any CPU.Build.0 = Release|Any CPU
		{25556D54-58C8-4FCB-A12C-D142F6617906}.Debug|Any CPU.ActiveCfg = Debug|Any CPU
		{25556D54-58C8-4FCB-A12C-D142F6617906}.Debug|Any CPU.Build.0 = Debug|Any CPU
		{25556D54-58C8-4FCB-A12C-D142F6617906}.Release|Any CPU.ActiveCfg = Release|Any CPU
		{25556D54-58C8-4FCB-A12C-D142F6617906}.Release|Any CPU.Build.0 = Release|Any CPU
	EndGlobalSection
	GlobalSection(SolutionProperties) = preSolution
		HideSolutionNode = FALSE
	EndGlobalSection
	GlobalSection(ExtensibilityGlobals) = postSolution
		SolutionGuid = {63912158-E37A-46AA-9FD7-7D8E495644E6}
	EndGlobalSection
EndGlobal
